github.com/oschwald/geoip2-golang/v2 v2.2.0 h1:gdkhpnHQMiH9ymOI+zSB0QKFGH+n4TntNt7vz+TxGPY=
github.com/oschwald/geoip2-golang/v2 v2.2.0/go.mod h1:xW4tCeQiNU1gqMD1x7zEH2CDNM3d796Ls50yxYDaX0U=
github.com/oschwald/maxminddb-golang/v2 v2.3.0 h1:PnXjMGjkSQlwOBSyZ7hk6Fd75t7erkAhJNJgEhA3MQU=
github.com/oschwald/maxminddb-golang/v2 v2.3.0/go.mod h1:NSQvgFwPxODpBTJI5+5Ns1AAucnx7ggW9PSRRifAT1s=
golang.org/x/sys v0.44.0 h1:ildZl3J4uzeKP07r2F++Op7E9B29JRUy+a27EibtBTQ=
golang.org/x/sys v0.44.0/go.mod h1:4GL1E5IUh+htKOUEOaiffhrAeqysfVGipDYzABqnCmw=
